version = 1
revision = 3
requires-python = ">=3.11.10"

[[package]]
name = "aiosqlite"
version = "0.22.1"
source = { registry = "https://pypi.org/simple" }
sdist = { url = "https://files.pythonhosted.org/packages/4e/8a/64761f4005f17809769d23e518d915db74e6310474e733e3593cfc854ef1/aiosqlite-0.22.1.tar.gz", hash = "sha256:043e0bd78d32888c0a9ca90fc788b38796843360c855a7262a532813133a0650", size = 14821, upload-time = "2025-12-23T19:25:43.997Z" }
wheels = [
    { url = "https://files.pythonhosted.org/packages/00/b7/e3bf5133d697a08128598c8d0abc5e16377b51465a33756de24fa7dee953/aiosqlite-0.22.1-py3-none-any.whl", hash = "sha256:21c002eb13823fad740196c5a2e9d8e62f6243bd9e7e4a1f87fb5e44ecb4fceb", size = 17405, upload-time = "2025-12-23T19:25:42.139Z" },
]

[[package]]
name = "monkeybrain"
version = "0.4.0"
source = { registry = "https://pypi.org/simple" }
dependencies = [
    { name = "python-dotenv" },
    { name = "pywin32" },
    { name = "toml" },
]
sdist = { url = "https://files.pythonhosted.org/packages/72/d9/18101eace44dac53c004cd775aa7d590057a8b5ae57389f21bb887868c8f/monkeybrain-0.4.0.tar.gz", hash = "sha256:b6741514e650a54fb8193a0e0127b7602dbf25fc67e8584a03cbb61b8f2b5ebb", size = 14685, upload-time = "2026-05-13T12:34:27.736Z" }
wheels = [
    { url = "https://files.pythonhosted.org/packages/7f/23/452a5b67a63dbed735979c1ff80bf9b7cbf3a23765d0068f0bdc789d0dfd/monkeybrain-0.4.0-py3-none-any.whl", hash = "sha256:2af6bb32264f81a28660be2f1acaa1ce2563760709245fb1122021ab71252260", size = 14857, upload-time = "2026-05-13T12:34:28.524Z" },
]

[[package]]
name = "projecttemplate-touchdesigner"
version = "0.1.0"
source = { virtual = "." }
dependencies = [
    { name = "tdp-pp1cu" },
    { name = "tdp-touchutilcollection" },
]

[package.dev-dependencies]
dev = [
    { name = "monkeybrain", marker = "sys_platform == 'win32'" },
]

[package.metadata]
requires-dist = [
    { name = "tdp-pp1cu", git = "https://github.com/PlusPlusOneGmbH/tdp-pp1cu" },
    { name = "tdp-touchutilcollection", specifier = ">=0.7.3" },
]

[package.metadata.requires-dev]
dev = [{ name = "monkeybrain", marker = "sys_platform == 'win32'", specifier = ">=0.4" }]

[[package]]
name = "python-dotenv"
version = "1.2.2"
source = { registry = "https://pypi.org/simple" }
sdist = { url = "https://files.pythonhosted.org/packages/82/ed/0301aeeac3e5353ef3d94b6ec08bbcabd04a72018415dcb29e588514bba8/python_dotenv-1.2.2.tar.gz", hash = "sha256:2c371a91fbd7ba082c2c1dc1f8bf89ca22564a087c2c287cd9b662adde799cf3", size = 50135, upload-time = "2026-03-01T16:00:26.196Z" }
wheels = [
    { url = "https://files.pythonhosted.org/packages/0b/d7/1959b9648791274998a9c3526f6d0ec8fd2233e4d4acce81bbae76b44b2a/python_dotenv-1.2.2-py3-none-any.whl", hash = "sha256:1d8214789a24de455a8b8bd8ae6fe3c6b69a5e3d64aa8a8e5d68e694bbcb285a", size = 22101, upload-time = "2026-03-01T16:00:25.09Z" },
]

[[package]]
name = "pywin32"
version = "311"
source = { registry = "https://pypi.org/simple" }
wheels = [
    { url = "https://files.pythonhosted.org/packages/7c/af/449a6a91e5d6db51420875c54f6aff7c97a86a3b13a0b4f1a5c13b988de3/pywin32-311-cp311-cp311-win32.whl", hash = "sha256:184eb5e436dea364dcd3d2316d577d625c0351bf237c4e9a5fabbcfa5a58b151", size = 8697031, upload-time = "2025-07-14T20:13:13.266Z" },
    { url = "https://files.pythonhosted.org/packages/51/8f/9bb81dd5bb77d22243d33c8397f09377056d5c687aa6d4042bea7fbf8364/pywin32-311-cp311-cp311-win_amd64.whl", hash = "sha256:3ce80b34b22b17ccbd937a6e78e7225d80c52f5ab9940fe0506a1a16f3dab503", size = 9508308, upload-time = "2025-07-14T20:13:15.147Z" },
    { url = "https://files.pythonhosted.org/packages/44/7b/9c2ab54f74a138c491aba1b1cd0795ba61f144c711daea84a88b63dc0f6c/pywin32-311-cp311-cp311-win_arm64.whl", hash = "sha256:a733f1388e1a842abb67ffa8e7aad0e70ac519e09b0f6a784e65a136ec7cefd2", size = 8703930, upload-time = "2025-07-14T20:13:16.945Z" },
    { url = "https://files.pythonhosted.org/packages/e7/ab/01ea1943d4eba0f850c3c61e78e8dd59757ff815ff3ccd0a84de5f541f42/pywin32-311-cp312-cp312-win32.whl", hash = "sha256:750ec6e621af2b948540032557b10a2d43b0cee2ae9758c54154d711cc852d31", size = 8706543, upload-time = "2025-07-14T20:13:20.765Z" },
    { url = "https://files.pythonhosted.org/packages/d1/a8/a0e8d07d4d051ec7502cd58b291ec98dcc0c3fff027caad0470b72cfcc2f/pywin32-311-cp312-cp312-win_amd64.whl", hash = "sha256:b8c095edad5c211ff31c05223658e71bf7116daa0ecf3ad85f3201ea3190d067", size = 9495040, upload-time = "2025-07-14T20:13:22.543Z" },
    { url = "https://files.pythonhosted.org/packages/ba/3a/2ae996277b4b50f17d61f0603efd8253cb2d79cc7ae159468007b586396d/pywin32-311-cp312-cp312-win_arm64.whl", hash = "sha256:e286f46a9a39c4a18b319c28f59b61de793654af2f395c102b4f819e584b5852", size = 8710102, upload-time = "2025-07-14T20:13:24.682Z" },
    { url = "https://files.pythonhosted.org/packages/a5/be/3fd5de0979fcb3994bfee0d65ed8ca9506a8a1260651b86174f6a86f52b3/pywin32-311-cp313-cp313-win32.whl", hash = "sha256:f95ba5a847cba10dd8c4d8fefa9f2a6cf283b8b88ed6178fa8a6c1ab16054d0d", size = 8705700, upload-time = "2025-07-14T20:13:26.471Z" },
    { url = "https://files.pythonhosted.org/packages/e3/28/e0a1909523c6890208295a29e05c2adb2126364e289826c0a8bc7297bd5c/pywin32-311-cp313-cp313-win_amd64.whl", hash = "sha256:718a38f7e5b058e76aee1c56ddd06908116d35147e133427e59a3983f703a20d", size = 9494700, upload-time = "2025-07-14T20:13:28.243Z" },
    { url = "https://files.pythonhosted.org/packages/04/bf/90339ac0f55726dce7d794e6d79a18a91265bdf3aa70b6b9ca52f35e022a/pywin32-311-cp313-cp313-win_arm64.whl", hash = "sha256:7b4075d959648406202d92a2310cb990fea19b535c7f4a78d3f5e10b926eeb8a", size = 8709318, upload-time = "2025-07-14T20:13:30.348Z" },
    { url = "https://files.pythonhosted.org/packages/c9/31/097f2e132c4f16d99a22bfb777e0fd88bd8e1c634304e102f313af69ace5/pywin32-311-cp314-cp314-win32.whl", hash = "sha256:b7a2c10b93f8986666d0c803ee19b5990885872a7de910fc460f9b0c2fbf92ee", size = 8840714, upload-time = "2025-07-14T20:13:32.449Z" },
    { url = "https://files.pythonhosted.org/packages/90/4b/07c77d8ba0e01349358082713400435347df8426208171ce297da32c313d/pywin32-311-cp314-cp314-win_amd64.whl", hash = "sha256:3aca44c046bd2ed8c90de9cb8427f581c479e594e99b5c0bb19b29c10fd6cb87", size = 9656800, upload-time = "2025-07-14T20:13:34.312Z" },
    { url = "https://files.pythonhosted.org/packages/c0/d2/21af5c535501a7233e734b8af901574572da66fcc254cb35d0609c9080dd/pywin32-311-cp314-cp314-win_arm64.whl", hash = "sha256:a508e2d9025764a8270f93111a970e1d0fbfc33f4153b388bb649b7eec4f9b42", size = 8932540, upload-time = "2025-07-14T20:13:36.379Z" },
]

[[package]]
name = "tdp-pp1cu"
version = "0.0.1"
source = { git = "https://github.com/PlusPlusOneGmbH/tdp-pp1cu#c36f093a000e2ed87769c878430e89d1156f4b13" }
dependencies = [
    { name = "aiosqlite" },
    { name = "tdp-tauceti" },
    { name = "tdp-touchutilcollection" },
]

[[package]]
name = "tdp-tauceti"
version = "5.1.14"
source = { registry = "https://pypi.org/simple" }
sdist = { url = "https://files.pythonhosted.org/packages/ca/47/8700df051d9d98b234dcbd6827d0f32990c62d462a3dad60c181449a2538/tdp_tauceti-5.1.14.tar.gz", hash = "sha256:68e7388efa7e2b11be1655f5ac27eeda8289df9acb7f50888af94acb490f9ff6", size = 1250942, upload-time = "2026-04-08T18:05:14.128Z" }
wheels = [
    { url = "https://files.pythonhosted.org/packages/f7/3f/6a3946e993b61bf06188eebd543758795701c86e50f8150b9e2eff98b727/tdp_tauceti-5.1.14-py3-none-any.whl", hash = "sha256:798ed48c0184917f6423e7d297876ec33a461adff1256e1d463e228ffb461a41", size = 1247140, upload-time = "2026-04-08T18:05:11.337Z" },
]

[[package]]
name = "tdp-touchutilcollection"
version = "0.7.3"
source = { registry = "https://pypi.org/simple" }
sdist = { url = "https://files.pythonhosted.org/packages/00/3d/526aca5e38c61e3a2c956bf17a37b8d3cc7b053168e6994680e27bff5805/tdp_touchutilcollection-0.7.3.tar.gz", hash = "sha256:be7340e0eaa73f5d9e79a992c7eb552c3e007afff1729647dcf3c0cd36f58196", size = 12690, upload-time = "2026-03-13T10:14:14.588Z" }
wheels = [
    { url = "https://files.pythonhosted.org/packages/99/af/d7183bc745ecbee79868e7843c7c455b67adde982fa52e723594c466c47d/tdp_touchutilcollection-0.7.3-py3-none-any.whl", hash = "sha256:d489ad463b34def75fa2f3c6bc0a04d0e4e0ca27aba613b9651cbd01646866f4", size = 17249, upload-time = "2026-03-13T10:14:13.365Z" },
]

[[package]]
name = "toml"
version = "0.10.2"
source = { registry = "https://pypi.org/simple" }
sdist = { url = "https://files.pythonhosted.org/packages/be/ba/1f744cdc819428fc6b5084ec34d9b30660f6f9daaf70eead706e3203ec3c/toml-0.10.2.tar.gz", hash = "sha256:b3bda1d108d5dd99f4a20d24d9c348e91c4db7ab1b749200bded2f839ccbe68f", size = 22253, upload-time = "2020-11-01T01:40:22.204Z" }
wheels = [
    { url = "https://files.pythonhosted.org/packages/44/6f/7120676b6d73228c96e17f1f794d8ab046fc910d781c8d151120c3f1569e/toml-0.10.2-py2.py3-none-any.whl", hash = "sha256:806143ae5bfb6a3c6e736a764057db0e6a0e05e338b5630894a5f779cabb4f9b", size = 16588, upload-time = "2020-11-01T01:40:20.672Z" },
]
